
Microsoft Visual Studio Solution File, Format Version 12.00
# Visual Studio Version 16
VisualStudioVersion = 16.0.29806.167
MinimumVisualStudioVersion = 10.0.40219.1
Project("{9A19103F-16F7-4668-BE54-9A1E7A4F7556}") = "webapp", "webapp.csproj", "{14BD9521-1195-4932-8360-445B2C874550}"
EndProject
Global
	GlobalSection(SolutionConfigurationPlatforms) = preSolution
		Debug|Any CPU = Debug|Any CPU
		Release|Any CPU = Release|Any CPU
	EndGlobalSection
	GlobalSection(ProjectConfigurationPlatforms) = postSolution
		{14BD9521-1195-4932-8360-445B2C874550}.Debug|Any CPU.ActiveCfg = Debug|Any CPU
		{14BD9521-1195-4932-8360-445B2C874550}.Debug|Any CPU.Build.0 = Debug|Any CPU
		{14BD9521-1195-4932-8360-445B2C874550}.Release|Any CPU.ActiveCfg = Release|Any CPU
		{14BD9521-1195-4932-8360-445B2C874550}.Release|Any CPU.Build.0 = Release|Any CPU
	EndGlobalSection
	GlobalSection(SolutionProperties) = preSolution
		HideSolutionNode = FALSE
	EndGlobalSection
	GlobalSection(ExtensibilityGlobals) = postSolution
		SolutionGuid = {7F46FC0A-BB2E-410E-9020-BCE4DE0E2E8F}
	EndGlobalSection
EndGlobal
